
Microsoft Visual Studio Solution File, Format Version 12.00
# Visual Studio Version 16
VisualStudioVersion = 16.0.29920.165
MinimumVisualStudioVersion = 10.0.40219.1
Project("{FAE04EC0-301F-11D3-BF4B-00C04F79EFBC}") = "Modul4_Kel39", "Modul4_Kel39\Modul4_Kel39.csproj", "{45ACF5DD-935C-4730-878B-650EADD32B93}"
EndProject
Global
	GlobalSection(SolutionConfigurationPlatforms) = preSolution
		Debug|Any CPU = Debug|Any CPU
		Release|Any CPU = Release|Any CPU
	EndGlobalSection
	GlobalSection(ProjectConfigurationPlatforms) = postSolution
		{45ACF5DD-935C-4730-878B-650EADD32B93}.Debug|Any CPU.ActiveCfg = Debug|Any CPU
		{45ACF5DD-935C-4730-878B-650EADD32B93}.Debug|Any CPU.Build.0 = Debug|Any CPU
		{45ACF5DD-935C-4730-878B-650EADD32B93}.Release|Any CPU.ActiveCfg = Release|Any CPU
		{45ACF5DD-935C-4730-878B-650EADD32B93}.Release|Any CPU.Build.0 = Release|Any CPU
	EndGlobalSection
	GlobalSection(SolutionProperties) = preSolution
		HideSolutionNode = FALSE
	EndGlobalSection
	GlobalSection(ExtensibilityGlobals) = postSolution
		SolutionGuid = {891E51C3-7FA3-4843-B03B-3217FF7F3C0C}
	EndGlobalSection
EndGlobal
